// !$*UTF8*$!
{
	archiveVersion = 1;
	classes = {
	};
	objectVersion = 50;
	objects = {

/* Begin PBXBuildFile section */
		960E903C21F3E782006EDD05 /* rainT.wav in Resources */ = {isa = PBXBuildFile; fileRef = 960E903B21F3E782006EDD05 /* rainT.wav */; };
		960E903E21F3E7B9006EDD05 /* Ttera.wav in Resources */ = {isa = PBXBuildFile; fileRef = 960E903D21F3E7B9006EDD05 /* Ttera.wav */; };
		960E904021F3EE57006EDD05 /* OcienWave.wav in Resources */ = {isa = PBXBuildFile; fileRef = 960E903F21F3EE56006EDD05 /* OcienWave.wav */; };
		960E904221F3F4E8006EDD05 /* RainOnTent.wav in Resources */ = {isa = PBXBuildFile; fileRef = 960E904121F3F4E7006EDD05 /* RainOnTent.wav */; };
		962C59F821E47C6C0043F70D /* LogoutViewController.swift in Sources */ = {isa = PBXBuildFile; fileRef = 962C59F721E47C6C0043F70D /* LogoutViewController.swift */; };
		962C59FA21E5084F0043F70D /* soundsViewController.swift in Sources */ = {isa = PBXBuildFile; fileRef = 962C59F921E5084F0043F70D /* soundsViewController.swift */; };
		964C75B021F6B5CF009F2035 /* RainOnTent.png in Resources */ = {isa = PBXBuildFile; fileRef = 964C75AC21F6B5CE009F2035 /* RainOnTent.png */; };
		964C75B121F6B5CF009F2035 /* ocien.png in Resources */ = {isa = PBXBuildFile; fileRef = 964C75AD21F6B5CE009F2035 /* ocien.png */; };
		964C75B221F6B5CF009F2035 /* Rain.png in Resources */ = {isa = PBXBuildFile; fileRef = 964C75AE21F6B5CE009F2035 /* Rain.png */; };
		964C75B321F6B5CF009F2035 /* Ttera.png in Resources */ = {isa = PBXBuildFile; fileRef = 964C75AF21F6B5CF009F2035 /* Ttera.png */; };
		964C75B521F6D59B009F2035 /* SoundData.swift in Sources */ = {isa = PBXBuildFile; fileRef = 964C75B421F6D59B009F2035 /* SoundData.swift */; };
		964C75B721F6D674009F2035 /* sound.swift in Sources */ = {isa = PBXBuildFile; fileRef = 964C75B621F6D674009F2035 /* sound.swift */; };
		967FA97E21D5DCF9000C0466 /* LoginViewController.swift in Sources */ = {isa = PBXBuildFile; fileRef = 967FA97D21D5DCF9000C0466 /* LoginViewController.swift */; };
		967FA98021D5DD28000C0466 /* RegistrationViewController.swift in Sources */ = {isa = PBXBuildFile; fileRef = 967FA97F21D5DD28000C0466 /* RegistrationViewController.swift */; };
		9683B77021F42B960037992A /* mapViewController.swift in Sources */ = {isa = PBXBuildFile; fileRef = 9683B76F21F42B960037992A /* mapViewController.swift */; };
		9683B77221F442380037992A /* venus.swift in Sources */ = {isa = PBXBuildFile; fileRef = 9683B77121F442380037992A /* venus.swift */; };
		96E276F921D5AFAA00693EA5 /* LaunchScreen.storyboard in Resources */ = {isa = PBXBuildFile; fileRef = 96E276F221D5AFA900693EA5 /* LaunchScreen.storyboard */; };
		96E276FA21D5AFAA00693EA5 /* background1.png in Resources */ = {isa = PBXBuildFile; fileRef = 96E276F321D5AFAA00693EA5 /* background1.png */; };
		96E276FC21D5AFAA00693EA5 /* Main.storyboard in Resources */ = {isa = PBXBuildFile; fileRef = 96E276F521D5AFAA00693EA5 /* Main.storyboard */; };
		96E276FD21D5AFAA00693EA5 /* WelcomViewController.swift in Sources */ = {isa = PBXBuildFile; fileRef = 96E276F621D5AFAA00693EA5 /* WelcomViewController.swift */; };
		96E276FE21D5AFAA00693EA5 /* Assets.xcassets in Resources */ = {isa = PBXBuildFile; fileRef = 96E276F721D5AFAA00693EA5 /* Assets.xcassets */; };
		96E276FF21D5AFAA00693EA5 /* AppDelegate.swift in Sources */ = {isa = PBXBuildFile; fileRef = 96E276F821D5AFAA00693EA5 /* AppDelegate.swift */; };
		96E2770A21D5C74400693EA5 /* GoogleService-Info.plist in Resources */ = {isa = PBXBuildFile; fileRef = 96E2770921D5C74400693EA5 /* GoogleService-Info.plist */; };
		A4A14898AF825FB49B67D210 /* Pods_Early.framework in Frameworks */ = {isa = PBXBuildFile; fileRef = 78CC0677363445BA306003C1 /* Pods_Early.framework */; };
/* End PBXBuildFile section */

/* Begin PBXFileReference section */
		78CC0677363445BA306003C1 /* Pods_Early.framework */ = {isa = PBXFileReference; explicitFileType = wrapper.framework; includeInIndex = 0; path = Pods_Early.framework; sourceTree = BUILT_PRODUCTS_DIR; };
		960E903B21F3E782006EDD05 /* rainT.wav */ = {isa = PBXFileReference; lastKnownFileType = audio.wav; path = rainT.wav; sourceTree = "<group>"; };
		960E903D21F3E7B9006EDD05 /* Ttera.wav */ = {isa = PBXFileReference; lastKnownFileType = audio.wav; path = Ttera.wav; sourceTree = "<group>"; };
		960E903F21F3EE56006EDD05 /* OcienWave.wav */ = {isa = PBXFileReference; lastKnownFileType = audio.wav; path = OcienWave.wav; sourceTree = "<group>"; };
		960E904121F3F4E7006EDD05 /* RainOnTent.wav */ = {isa = PBXFileReference; lastKnownFileType = audio.wav; path = RainOnTent.wav; sourceTree = "<group>"; };
		962C59F721E47C6C0043F70D /* LogoutViewController.swift */ = {isa = PBXFileReference; lastKnownFileType = sourcecode.swift; path = LogoutViewController.swift; sourceTree = "<group>"; };
		962C59F921E5084F0043F70D /* soundsViewController.swift */ = {isa = PBXFileReference; lastKnownFileType = sourcecode.swift; path = soundsViewController.swift; sourceTree = "<group>"; };
		964C75AC21F6B5CE009F2035 /* RainOnTent.png */ = {isa = PBXFileReference; lastKnownFileType = image.png; path = RainOnTent.png; sourceTree = "<group>"; };
		964C75AD21F6B5CE009F2035 /* ocien.png */ = {isa = PBXFileReference; lastKnownFileType = image.png; path = ocien.png; sourceTree = "<group>"; };
		964C75AE21F6B5CE009F2035 /* Rain.png */ = {isa = PBXFileReference; lastKnownFileType = image.png; path = Rain.png; sourceTree = "<group>"; };
		964C75AF21F6B5CF009F2035 /* Ttera.png */ = {isa = PBXFileReference; lastKnownFileType = image.png; path = Ttera.png; sourceTree = "<group>"; };
		964C75B421F6D59B009F2035 /* SoundData.swift */ = {isa = PBXFileReference; lastKnownFileType = sourcecode.swift; path = SoundData.swift; sourceTree = "<group>"; };
		964C75B621F6D674009F2035 /* sound.swift */ = {isa = PBXFileReference; lastKnownFileType = sourcecode.swift; path = sound.swift; sourceTree = "<group>"; };
		967FA97D21D5DCF9000C0466 /* LoginViewController.swift */ = {isa = PBXFileReference; lastKnownFileType = sourcecode.swift; path = LoginViewController.swift; sourceTree = "<group>"; };
		967FA97F21D5DD28000C0466 /* RegistrationViewController.swift */ = {isa = PBXFileReference; lastKnownFileType = sourcecode.swift; path = RegistrationViewController.swift; sourceTree = "<group>"; };
		9683B76F21F42B960037992A /* mapViewController.swift */ = {isa = PBXFileReference; lastKnownFileType = sourcecode.swift; path = mapViewController.swift; sourceTree = "<group>"; };
		9683B77121F442380037992A /* venus.swift */ = {isa = PBXFileReference; lastKnownFileType = sourcecode.swift; path = venus.swift; sourceTree = "<group>"; };
		96E276DD21D5AE3400693EA5 /* Early.app */ = {isa = PBXFileReference; explicitFileType = wrapper.application; includeInIndex = 0; path = Early.app; sourceTree = BUILT_PRODUCTS_DIR; };
		96E276EC21D5AE3600693EA5 /* Info.plist */ = {isa = PBXFileReference; lastKnownFileType = text.plist.xml; path = Info.plist; sourceTree = "<group>"; };
		96E276F221D5AFA900693EA5 /* LaunchScreen.storyboard */ = {isa = PBXFileReference; fileEncoding = 4; lastKnownFileType = file.storyboard; path = LaunchScreen.storyboard; sourceTree = "<group>"; };
		96E276F321D5AFAA00693EA5 /* background1.png */ = {isa = PBXFileReference; lastKnownFileType = image.png; path = background1.png; sourceTree = "<group>"; };
		96E276F521D5AFAA00693EA5 /* Main.storyboard */ = {isa = PBXFileReference; fileEncoding = 4; lastKnownFileType = file.storyboard; path = Main.storyboard; sourceTree = "<group>"; };
		96E276F621D5AFAA00693EA5 /* WelcomViewController.swift */ = {isa = PBXFileReference; fileEncoding = 4; lastKnownFileType = sourcecode.swift; path = WelcomViewController.swift; sourceTree = "<group>"; };
		96E276F721D5AFAA00693EA5 /* Assets.xcassets */ = {isa = PBXFileReference; lastKnownFileType = folder.assetcatalog; path = Assets.xcassets; sourceTree = "<group>"; };
		96E276F821D5AFAA00693EA5 /* AppDelegate.swift */ = {isa = PBXFileReference; fileEncoding = 4; lastKnownFileType = sourcecode.swift; path = AppDelegate.swift; sourceTree = "<group>"; };
		96E2770921D5C74400693EA5 /* GoogleService-Info.plist */ = {isa = PBXFileReference; fileEncoding = 4; lastKnownFileType = text.plist.xml; path = "GoogleService-Info.plist"; sourceTree = "<group>"; };
		9A1AA0EC94942768B0294E0D /* Pods-Early.debug.xcconfig */ = {isa = PBXFileReference; includeInIndex = 1; lastKnownFileType = text.xcconfig; name = "Pods-Early.debug.xcconfig"; path = "Pods/Target Support Files/Pods-Early/Pods-Early.debug.xcconfig"; sourceTree = "<group>"; };
		D4824DD9DB5DD14D6FD64CC6 /* Pods-Early.release.xcconfig */ = {isa = PBXFileReference; includeInIndex = 1; lastKnownFileType = text.xcconfig; name = "Pods-Early.release.xcconfig"; path = "Pods/Target Support Files/Pods-Early/Pods-Early.release.xcconfig"; sourceTree = "<group>"; };
/* End PBXFileReference section */

/* Begin PBXFrameworksBuildPhase section */
		96E276DA21D5AE3400693EA5 /* Frameworks */ = {
			isa = PBXFrameworksBuildPhase;
			buildActionMask = 2147483647;
			files = (
				A4A14898AF825FB49B67D210 /* Pods_Early.framework in Frameworks */,
			);
			runOnlyForDeploymentPostprocessing = 0;
		};
/* End PBXFrameworksBuildPhase section */

/* Begin PBXGroup section */
		960E903821F3E746006EDD05 /* AudioFiles */ = {
			isa = PBXGroup;
			children = (
				960E904121F3F4E7006EDD05 /* RainOnTent.wav */,
				960E903F21F3EE56006EDD05 /* OcienWave.wav */,
				960E903D21F3E7B9006EDD05 /* Ttera.wav */,
				960E903B21F3E782006EDD05 /* rainT.wav */,
			);
			path = AudioFiles;
			sourceTree = "<group>";
		};
		967FA98121D5DD4D000C0466 /* Model */ = {
			isa = PBXGroup;
			children = (
			);
			path = Model;
			sourceTree = "<group>";
		};
		967FA98221D5DD55000C0466 /* View */ = {
			isa = PBXGroup;
			children = (
				96E276F521D5AFAA00693EA5 /* Main.storyboard */,
				96E276F221D5AFA900693EA5 /* LaunchScreen.storyboard */,
			);
			path = View;
			sourceTree = "<group>";
		};
		967FA98321D5DD5B000C0466 /* Controller */ = {
			isa = PBXGroup;
			children = (
				96E276F821D5AFAA00693EA5 /* AppDelegate.swift */,
				96E276F621D5AFAA00693EA5 /* WelcomViewController.swift */,
				967FA97D21D5DCF9000C0466 /* LoginViewController.swift */,
				967FA97F21D5DD28000C0466 /* RegistrationViewController.swift */,
				962C59F721E47C6C0043F70D /* LogoutViewController.swift */,
				962C59F921E5084F0043F70D /* soundsViewController.swift */,
				9683B76F21F42B960037992A /* mapViewController.swift */,
				9683B77121F442380037992A /* venus.swift */,
				964C75B421F6D59B009F2035 /* SoundData.swift */,
				964C75B621F6D674009F2035 /* sound.swift */,
			);
			path = Controller;
			sourceTree = "<group>";
		};
		96E276D421D5AE3400693EA5 = {
			isa = PBXGroup;
			children = (
				96E276DF21D5AE3400693EA5 /* Early */,
				96E276DE21D5AE3400693EA5 /* Products */,
				EA599FD235E50F88AFA49560 /* Pods */,
				BCF8625E32E3C6D9A68CC0D4 /* Frameworks */,
			);
			sourceTree = "<group>";
		};
		96E276DE21D5AE3400693EA5 /* Products */ = {
			isa = PBXGroup;
			children = (
				96E276DD21D5AE3400693EA5 /* Early.app */,
			);
			name = Products;
			sourceTree = "<group>";
		};
		96E276DF21D5AE3400693EA5 /* Early */ = {
			isa = PBXGroup;
			children = (
				967FA98121D5DD4D000C0466 /* Model */,
				967FA98221D5DD55000C0466 /* View */,
				967FA98321D5DD5B000C0466 /* Controller */,
				96E276F721D5AFAA00693EA5 /* Assets.xcassets */,
				964C75AD21F6B5CE009F2035 /* ocien.png */,
				964C75AE21F6B5CE009F2035 /* Rain.png */,
				964C75AC21F6B5CE009F2035 /* RainOnTent.png */,
				964C75AF21F6B5CF009F2035 /* Ttera.png */,
				96E276F321D5AFAA00693EA5 /* background1.png */,
				96E276EC21D5AE3600693EA5 /* Info.plist */,
				96E2770921D5C74400693EA5 /* GoogleService-Info.plist */,
				960E903821F3E746006EDD05 /* AudioFiles */,
			);
			path = Early;
			sourceTree = "<group>";
		};
		BCF8625E32E3C6D9A68CC0D4 /* Frameworks */ = {
			isa = PBXGroup;
			children = (
				78CC0677363445BA306003C1 /* Pods_Early.framework */,
			);
			name = Frameworks;
			sourceTree = "<group>";
		};
		EA599FD235E50F88AFA49560 /* Pods */ = {
			isa = PBXGroup;
			children = (
				9A1AA0EC94942768B0294E0D /* Pods-Early.debug.xcconfig */,
				D4824DD9DB5DD14D6FD64CC6 /* Pods-Early.release.xcconfig */,
			);
			name = Pods;
			sourceTree = "<group>";
		};
/* End PBXGroup section */

/* Begin PBXNativeTarget section */
		96E276DC21D5AE3400693EA5 /* Early */ = {
			isa = PBXNativeTarget;
			buildConfigurationList = 96E276EF21D5AE3600693EA5 /* Build configuration list for PBXNativeTarget "Early" */;
			buildPhases = (
				C864F369B9D8C4D0DFB80B26 /* [CP] Check Pods Manifest.lock */,
				96E276D921D5AE3400693EA5 /* Sources */,
				96E276DA21D5AE3400693EA5 /* Frameworks */,
				96E276DB21D5AE3400693EA5 /* Resources */,
				4FFC2665D6C43013741AD43D /* [CP] Embed Pods Frameworks */,
			);
			buildRules = (
			);
			dependencies = (
			);
			name = Early;
			productName = Early;
			productReference = 96E276DD21D5AE3400693EA5 /* Early.app */;
			productType = "com.apple.product-type.application";
		};
/* End PBXNativeTarget section */

/* Begin PBXProject section */
		96E276D521D5AE3400693EA5 /* Project object */ = {
			isa = PBXProject;
			attributes = {
				LastSwiftUpdateCheck = 1010;
				LastUpgradeCheck = 1010;
				ORGANIZATIONNAME = Prom;
				TargetAttributes = {
					96E276DC21D5AE3400693EA5 = {
						CreatedOnToolsVersion = 10.1;
						LastSwiftMigration = 1010;
					};
				};
			};
			buildConfigurationList = 96E276D821D5AE3400693EA5 /* Build configuration list for PBXProject "Early" */;
			compatibilityVersion = "Xcode 9.3";
			developmentRegion = en;
			hasScannedForEncodings = 0;
			knownRegions = (
				en,
				Base,
			);
			mainGroup = 96E276D421D5AE3400693EA5;
			productRefGroup = 96E276DE21D5AE3400693EA5 /* Products */;
			projectDirPath = "";
			projectRoot = "";
			targets = (
				96E276DC21D5AE3400693EA5 /* Early */,
			);
		};
/* End PBXProject section */

/* Begin PBXResourcesBuildPhase section */
		96E276DB21D5AE3400693EA5 /* Resources */ = {
			isa = PBXResourcesBuildPhase;
			buildActionMask = 2147483647;
			files = (
				96E276F921D5AFAA00693EA5 /* LaunchScreen.storyboard in Resources */,
				960E903C21F3E782006EDD05 /* rainT.wav in Resources */,
				960E904021F3EE57006EDD05 /* OcienWave.wav in Resources */,
				96E276FA21D5AFAA00693EA5 /* background1.png in Resources */,
				96E276FC21D5AFAA00693EA5 /* Main.storyboard in Resources */,
				964C75B321F6B5CF009F2035 /* Ttera.png in Resources */,
				964C75B221F6B5CF009F2035 /* Rain.png in Resources */,
				964C75B021F6B5CF009F2035 /* RainOnTent.png in Resources */,
				960E903E21F3E7B9006EDD05 /* Ttera.wav in Resources */,
				964C75B121F6B5CF009F2035 /* ocien.png in Resources */,
				96E276FE21D5AFAA00693EA5 /* Assets.xcassets in Resources */,
				960E904221F3F4E8006EDD05 /* RainOnTent.wav in Resources */,
				96E2770A21D5C74400693EA5 /* GoogleService-Info.plist in Resources */,
			);
			runOnlyForDeploymentPostprocessing = 0;
		};
/* End PBXResourcesBuildPhase section */

/* Begin PBXShellScriptBuildPhase section */
		4FFC2665D6C43013741AD43D /* [CP] Embed Pods Frameworks */ = {
			isa = PBXShellScriptBuildPhase;
			buildActionMask = 2147483647;
			files = (
			);
			inputFileListPaths = (
			);
			inputPaths = (
				"${SRCROOT}/Pods/Target Support Files/Pods-Early/Pods-Early-frameworks.sh",
				"${BUILT_PRODUCTS_DIR}/ChameleonFramework/ChameleonFramework.framework",
				"${BUILT_PRODUCTS_DIR}/GTMSessionFetcher/GTMSessionFetcher.framework",
				"${BUILT_PRODUCTS_DIR}/GoogleUtilities/GoogleUtilities.framework",
				"${BUILT_PRODUCTS_DIR}/SVProgressHUD/SVProgressHUD.framework",
				"${BUILT_PRODUCTS_DIR}/SwiftyJSON/SwiftyJSON.framework",
				"${BUILT_PRODUCTS_DIR}/leveldb-library/leveldb.framework",
				"${BUILT_PRODUCTS_DIR}/nanopb/nanopb.framework",
			);
			name = "[CP] Embed Pods Frameworks";
			outputFileListPaths = (
			);
			outputPaths = (
				"${TARGET_BUILD_DIR}/${FRAMEWORKS_FOLDER_PATH}/ChameleonFramework.framework",
				"${TARGET_BUILD_DIR}/${FRAMEWORKS_FOLDER_PATH}/GTMSessionFetcher.framework",
				"${TARGET_BUILD_DIR}/${FRAMEWORKS_FOLDER_PATH}/GoogleUtilities.framework",
				"${TARGET_BUILD_DIR}/${FRAMEWORKS_FOLDER_PATH}/SVProgressHUD.framework",
				"${TARGET_BUILD_DIR}/${FRAMEWORKS_FOLDER_PATH}/SwiftyJSON.framework",
				"${TARGET_BUILD_DIR}/${FRAMEWORKS_FOLDER_PATH}/leveldb.framework",
				"${TARGET_BUILD_DIR}/${FRAMEWORKS_FOLDER_PATH}/nanopb.framework",
			);
			runOnlyForDeploymentPostprocessing = 0;
			shellPath = /bin/sh;
			shellScript = "\"${SRCROOT}/Pods/Target Support Files/Pods-Early/Pods-Early-frameworks.sh\"\n";
			showEnvVarsInLog = 0;
		};
		C864F369B9D8C4D0DFB80B26 /* [CP] Check Pods Manifest.lock */ = {
			isa = PBXShellScriptBuildPhase;
			buildActionMask = 2147483647;
			files = (
			);
			inputFileListPaths = (
			);
			inputPaths = (
				"${PODS_PODFILE_DIR_PATH}/Podfile.lock",
				"${PODS_ROOT}/Manifest.lock",
			);
			name = "[CP] Check Pods Manifest.lock";
			outputFileListPaths = (
			);
			outputPaths = (
				"$(DERIVED_FILE_DIR)/Pods-Early-checkManifestLockResult.txt",
			);
			runOnlyForDeploymentPostprocessing = 0;
			shellPath = /bin/sh;
			shellScript = "diff \"${PODS_PODFILE_DIR_PATH}/Podfile.lock\" \"${PODS_ROOT}/Manifest.lock\" > /dev/null\nif [ $? != 0 ] ; then\n    # print error to STDERR\n    echo \"error: The sandbox is not in sync with the Podfile.lock. Run 'pod install' or update your CocoaPods installation.\" >&2\n    exit 1\nfi\n# This output is used by Xcode 'outputs' to avoid re-running this script phase.\necho \"SUCCESS\" > \"${SCRIPT_OUTPUT_FILE_0}\"\n";
			showEnvVarsInLog = 0;
		};
/* End PBXShellScriptBuildPhase section */

/* Begin PBXSourcesBuildPhase section */
		96E276D921D5AE3400693EA5 /* Sources */ = {
			isa = PBXSourcesBuildPhase;
			buildActionMask = 2147483647;
			files = (
				962C59FA21E5084F0043F70D /* soundsViewController.swift in Sources */,
				967FA97E21D5DCF9000C0466 /* LoginViewController.swift in Sources */,
				96E276FF21D5AFAA00693EA5 /* AppDelegate.swift in Sources */,
				967FA98021D5DD28000C0466 /* RegistrationViewController.swift in Sources */,
				9683B77021F42B960037992A /* mapViewController.swift in Sources */,
				964C75B721F6D674009F2035 /* sound.swift in Sources */,
				962C59F821E47C6C0043F70D /* LogoutViewController.swift in Sources */,
				964C75B521F6D59B009F2035 /* SoundData.swift in Sources */,
				96E276FD21D5AFAA00693EA5 /* WelcomViewController.swift in Sources */,
				9683B77221F442380037992A /* venus.swift in Sources */,
			);
			runOnlyForDeploymentPostprocessing = 0;
		};
/* End PBXSourcesBuildPhase section */

/* Begin XCBuildConfiguration section */
		96E276ED21D5AE3600693EA5 /* Debug */ = {
			isa = XCBuildConfiguration;
			buildSettings = {
				ALWAYS_SEARCH_USER_PATHS = NO;
				CLANG_ANALYZER_NONNULL = YES;
				CLANG_ANALYZER_NUMBER_OBJECT_CONVERSION = YES_AGGRESSIVE;
				CLANG_CXX_LANGUAGE_STANDARD = "gnu++14";
				CLANG_CXX_LIBRARY = "libc++";
				CLANG_ENABLE_MODULES = YES;
				CLANG_ENABLE_OBJC_ARC = YES;
				CLANG_ENABLE_OBJC_WEAK = YES;
				CLANG_WARN_BLOCK_CAPTURE_AUTORELEASING = YES;
				CLANG_WARN_BOOL_CONVERSION = YES;
				CLANG_WARN_COMMA = YES;
				CLANG_WARN_CONSTANT_CONVERSION = YES;
				CLANG_WARN_DEPRECATED_OBJC_IMPLEMENTATIONS = YES;
				CLANG_WARN_DIRECT_OBJC_ISA_USAGE = YES_ERROR;
				CLANG_WARN_DOCUMENTATION_COMMENTS = YES;
				CLANG_WARN_EMPTY_BODY = YES;
				CLANG_WARN_ENUM_CONVERSION = YES;
				CLANG_WARN_INFINITE_RECURSION = YES;
				CLANG_WARN_INT_CONVERSION = YES;
				CLANG_WARN_NON_LITERAL_NULL_CONVERSION = YES;
				CLANG_WARN_OBJC_IMPLICIT_RETAIN_SELF = YES;
				CLANG_WARN_OBJC_LITERAL_CONVERSION = YES;
				CLANG_WARN_OBJC_ROOT_CLASS = YES_ERROR;
				CLANG_WARN_RANGE_LOOP_ANALYSIS = YES;
				CLANG_WARN_STRICT_PROTOTYPES = YES;
				CLANG_WARN_SUSPICIOUS_MOVE = YES;
				CLANG_WARN_UNGUARDED_AVAILABILITY = YES_AGGRESSIVE;
				CLANG_WARN_UNREACHABLE_CODE = YES;
				CLANG_WARN__DUPLICATE_METHOD_MATCH = YES;
				CODE_SIGN_IDENTITY = "iPhone Developer";
				COPY_PHASE_STRIP = NO;
				DEBUG_INFORMATION_FORMAT = dwarf;
				ENABLE_STRICT_OBJC_MSGSEND = YES;
				ENABLE_TESTABILITY = YES;
				GCC_C_LANGUAGE_STANDARD = gnu11;
				GCC_DYNAMIC_NO_PIC = NO;
				GCC_NO_COMMON_BLOCKS = YES;
				GCC_OPTIMIZATION_LEVEL = 0;
				GCC_PREPROCESSOR_DEFINITIONS = (
					"DEBUG=1",
					"$(inherited)",
				);
				GCC_WARN_64_TO_32_BIT_CONVERSION = YES;
				GCC_WARN_ABOUT_RETURN_TYPE = YES_ERROR;
				GCC_WARN_UNDECLARED_SELECTOR = YES;
				GCC_WARN_UNINITIALIZED_AUTOS = YES_AGGRESSIVE;
				GCC_WARN_UNUSED_FUNCTION = YES;
				GCC_WARN_UNUSED_VARIABLE = YES;
				IPHONEOS_DEPLOYMENT_TARGET = 12.1;
				MTL_ENABLE_DEBUG_INFO = INCLUDE_SOURCE;
				MTL_FAST_MATH = YES;
				ONLY_ACTIVE_ARCH = YES;
				SDKROOT = iphoneos;
				SWIFT_ACTIVE_COMPILATION_CONDITIONS = DEBUG;
				SWIFT_OPTIMIZATION_LEVEL = "-Onone";
			};
			name = Debug;
		};
		96E276EE21D5AE3600693EA5 /* Release */ = {
			isa = XCBuildConfiguration;
			buildSettings = {
				ALWAYS_SEARCH_USER_PATHS = NO;
				CLANG_ANALYZER_NONNULL = YES;
				CLANG_ANALYZER_NUMBER_OBJECT_CONVERSION = YES_AGGRESSIVE;
				CLANG_CXX_LANGUAGE_STANDARD = "gnu++14";
				CLANG_CXX_LIBRARY = "libc++";
				CLANG_ENABLE_MODULES = YES;
				CLANG_ENABLE_OBJC_ARC = YES;
				CLANG_ENABLE_OBJC_WEAK = YES;
				CLANG_WARN_BLOCK_CAPTURE_AUTORELEASING = YES;
				CLANG_WARN_BOOL_CONVERSION = YES;
				CLANG_WARN_COMMA = YES;
				CLANG_WARN_CONSTANT_CONVERSION = YES;
				CLANG_WARN_DEPRECATED_OBJC_IMPLEMENTATIONS = YES;
				CLANG_WARN_DIRECT_OBJC_ISA_USAGE = YES_ERROR;
				CLANG_WARN_DOCUMENTATION_COMMENTS = YES;
				CLANG_WARN_EMPTY_BODY = YES;
				CLANG_WARN_ENUM_CONVERSION = YES;
				CLANG_WARN_INFINITE_RECURSION = YES;
				CLANG_WARN_INT_CONVERSION = YES;
				CLANG_WARN_NON_LITERAL_NULL_CONVERSION = YES;
				CLANG_WARN_OBJC_IMPLICIT_RETAIN_SELF = YES;
				CLANG_WARN_OBJC_LITERAL_CONVERSION = YES;
				CLANG_WARN_OBJC_ROOT_CLASS = YES_ERROR;
				CLANG_WARN_RANGE_LOOP_ANALYSIS = YES;
				CLANG_WARN_STRICT_PROTOTYPES = YES;
				CLANG_WARN_SUSPICIOUS_MOVE = YES;
				CLANG_WARN_UNGUARDED_AVAILABILITY = YES_AGGRESSIVE;
				CLANG_WARN_UNREACHABLE_CODE = YES;
				CLANG_WARN__DUPLICATE_METHOD_MATCH = YES;
				CODE_SIGN_IDENTITY = "iPhone Developer";
				COPY_PHASE_STRIP = NO;
				DEBUG_INFORMATION_FORMAT = "dwarf-with-dsym";
				ENABLE_NS_ASSERTIONS = NO;
				ENABLE_STRICT_OBJC_MSGSEND = YES;
				GCC_C_LANGUAGE_STANDARD = gnu11;
				GCC_NO_COMMON_BLOCKS = YES;
				GCC_WARN_64_TO_32_BIT_CONVERSION = YES;
				GCC_WARN_ABOUT_RETURN_TYPE = YES_ERROR;
				GCC_WARN_UNDECLARED_SELECTOR = YES;
				GCC_WARN_UNINITIALIZED_AUTOS = YES_AGGRESSIVE;
				GCC_WARN_UNUSED_FUNCTION = YES;
				GCC_WARN_UNUSED_VARIABLE = YES;
				IPHONEOS_DEPLOYMENT_TARGET = 12.1;
				MTL_ENABLE_DEBUG_INFO = NO;
				MTL_FAST_MATH = YES;
				SDKROOT = iphoneos;
				SWIFT_COMPILATION_MODE = wholemodule;
				SWIFT_OPTIMIZATION_LEVEL = "-O";
				VALIDATE_PRODUCT = YES;
			};
			name = Release;
		};
		96E276F021D5AE3600693EA5 /* Debug */ = {
			isa = XCBuildConfiguration;
			baseConfigurationReference = 9A1AA0EC94942768B0294E0D /* Pods-Early.debug.xcconfig */;
			buildSettings = {
				ASSETCATALOG_COMPILER_APPICON_NAME = AppIcon;
				CLANG_ENABLE_MODULES = YES;
				CODE_SIGN_STYLE = Automatic;
				DEVELOPMENT_TEAM = 8LRNAY5AKB;
				INFOPLIST_FILE = Early/Info.plist;
				IPHONEOS_DEPLOYMENT_TARGET = 12.1;
				LD_RUNPATH_SEARCH_PATHS = (
					"$(inherited)",
					"@executable_path/Frameworks",
				);
				PRODUCT_BUNDLE_IDENTIFIER = com.early.project.Early;
				PRODUCT_NAME = "$(TARGET_NAME)";
				SWIFT_OPTIMIZATION_LEVEL = "-Onone";
				SWIFT_VERSION = 4.2;
				TARGETED_DEVICE_FAMILY = "1,2";
			};
			name = Debug;
		};
		96E276F121D5AE3600693EA5 /* Release */ = {
			isa = XCBuildConfiguration;
			baseConfigurationReference = D4824DD9DB5DD14D6FD64CC6 /* Pods-Early.release.xcconfig */;
			buildSettings = {
				ASSETCATALOG_COMPILER_APPICON_NAME = AppIcon;
				CLANG_ENABLE_MODULES = YES;
				CODE_SIGN_STYLE = Automatic;
				DEVELOPMENT_TEAM = 8LRNAY5AKB;
				INFOPLIST_FILE = Early/Info.plist;
				IPHONEOS_DEPLOYMENT_TARGET = 12.1;
				LD_RUNPATH_SEARCH_PATHS = (
					"$(inherited)",
					"@executable_path/Frameworks",
				);
				PRODUCT_BUNDLE_IDENTIFIER = com.early.project.Early;
				PRODUCT_NAME = "$(TARGET_NAME)";
				SWIFT_VERSION = 4.2;
				TARGETED_DEVICE_FAMILY = "1,2";
			};
			name = Release;
		};
/* End XCBuildConfiguration section */

/* Begin XCConfigurationList section */
		96E276D821D5AE3400693EA5 /* Build configuration list for PBXProject "Early" */ = {
			isa = XCConfigurationList;
			buildConfigurations = (
				96E276ED21D5AE3600693EA5 /* Debug */,
				96E276EE21D5AE3600693EA5 /* Release */,
			);
			defaultConfigurationIsVisible = 0;
			defaultConfigurationName = Release;
		};
		96E276EF21D5AE3600693EA5 /* Build configuration list for PBXNativeTarget "Early" */ = {
			isa = XCConfigurationList;
			buildConfigurations = (
				96E276F021D5AE3600693EA5 /* Debug */,
				96E276F121D5AE3600693EA5 /* Release */,
			);
			defaultConfigurationIsVisible = 0;
			defaultConfigurationName = Release;
		};
/* End XCConfigurationList section */
	};
	rootObject = 96E276D521D5AE3400693EA5 /* Project object */;
}
